// !$*UTF8*$!
{
	archiveVersion = 1;
	classes = {
	};
	objectVersion = 46;
	objects = {

/* Begin PBXBuildFile section */
		C8C36C0D1AF3A53900AE833D /* main.m in Sources */ = {isa = PBXBuildFile; fileRef = C8C36C0C1AF3A53900AE833D /* main.m */; };
		C8C36C101AF3A53900AE833D /* AppDelegate.m in Sources */ = {isa = PBXBuildFile; fileRef = C8C36C0F1AF3A53900AE833D /* AppDelegate.m */; };
		C8C36C131AF3A53900AE833D /* MasterViewController.m in Sources */ = {isa = PBXBuildFile; fileRef = C8C36C121AF3A53900AE833D /* MasterViewController.m */; };
		C8C36C161AF3A53900AE833D /* DetailViewController.m in Sources */ = {isa = PBXBuildFile; fileRef = C8C36C151AF3A53900AE833D /* DetailViewController.m */; };
		C8C36C191AF3A53900AE833D /* Main.storyboard in Resources */ = {isa = PBXBuildFile; fileRef = C8C36C171AF3A53900AE833D /* Main.storyboard */; };
		C8C36C1B1AF3A53900AE833D /* Images.xcassets in Resources */ = {isa = PBXBuildFile; fileRef = C8C36C1A1AF3A53900AE833D /* Images.xcassets */; };
		C8C36C1E1AF3A53900AE833D /* LaunchScreen.xib in Resources */ = {isa = PBXBuildFile; fileRef = C8C36C1C1AF3A53900AE833D /* LaunchScreen.xib */; };
		C8C36C2A1AF3A53900AE833D /* ALCollapsableTableViewTests.m in Sources */ = {isa = PBXBuildFile; fileRef = C8C36C291AF3A53900AE833D /* ALCollapsableTableViewTests.m */; };
		C8C36C351AF3A83900AE833D /* ALCustomColoredAccessory.m in Sources */ = {isa = PBXBuildFile; fileRef = C8C36C341AF3A83900AE833D /* ALCustomColoredAccessory.m */; };
/* End PBXBuildFile section */

/* Begin PBXContainerItemProxy section */
		C8C36C241AF3A53900AE833D /* PBXContainerItemProxy */ = {
			isa = PBXContainerItemProxy;
			containerPortal = C8C36BFF1AF3A53900AE833D /* Project object */;
			proxyType = 1;
			remoteGlobalIDString = C8C36C061AF3A53900AE833D;
			remoteInfo = ALCollapsableTableView;
		};
/* End PBXContainerItemProxy section */

/* Begin PBXFileReference section */
		C8C36C071AF3A53900AE833D /* ALCollapsableTableView.app */ = {isa = PBXFileReference; explicitFileType = wrapper.application; includeInIndex = 0; path = ALCollapsableTableView.app; sourceTree = BUILT_PRODUCTS_DIR; };
		C8C36C0B1AF3A53900AE833D /* Info.plist */ = {isa = PBXFileReference; lastKnownFileType = text.plist.xml; path = Info.plist; sourceTree = "<group>"; };
		C8C36C0C1AF3A53900AE833D /* main.m */ = {isa = PBXFileReference; lastKnownFileType = sourcecode.c.objc; path = main.m; sourceTree = "<group>"; };
		C8C36C0E1AF3A53900AE833D /* AppDelegate.h */ = {isa = PBXFileReference; lastKnownFileType = sourcecode.c.h; path = AppDelegate.h; sourceTree = "<group>"; };
		C8C36C0F1AF3A53900AE833D /* AppDelegate.m */ = {isa = PBXFileReference; lastKnownFileType = sourcecode.c.objc; path = AppDelegate.m; sourceTree = "<group>"; };
		C8C36C111AF3A53900AE833D /* MasterViewController.h */ = {isa = PBXFileReference; lastKnownFileType = sourcecode.c.h; path = MasterViewController.h; sourceTree = "<group>"; };
		C8C36C121AF3A53900AE833D /* MasterViewController.m */ = {isa = PBXFileReference; lastKnownFileType = sourcecode.c.objc; path = MasterViewController.m; sourceTree = "<group>"; };
		C8C36C141AF3A53900AE833D /* DetailViewController.h */ = {isa = PBXFileReference; lastKnownFileType = sourcecode.c.h; path = DetailViewController.h; sourceTree = "<group>"; };
		C8C36C151AF3A53900AE833D /* DetailViewController.m */ = {isa = PBXFileReference; lastKnownFileType = sourcecode.c.objc; path = DetailViewController.m; sourceTree = "<group>"; };
		C8C36C181AF3A53900AE833D /* Base */ = {isa = PBXFileReference; lastKnownFileType = file.storyboard; name = Base; path = Base.lproj/Main.storyboard; sourceTree = "<group>"; };
		C8C36C1A1AF3A53900AE833D /* Images.xcassets */ = {isa = PBXFileReference; lastKnownFileType = folder.assetcatalog; path = Images.xcassets; sourceTree = "<group>"; };
		C8C36C1D1AF3A53900AE833D /* Base */ = {isa = PBXFileReference; lastKnownFileType = file.xib; name = Base; path = Base.lproj/LaunchScreen.xib; sourceTree = "<group>"; };
		C8C36C231AF3A53900AE833D /* ALCollapsableTableViewTests.xctest */ = {isa = PBXFileReference; explicitFileType = wrapper.cfbundle; includeInIndex = 0; path = ALCollapsableTableViewTests.xctest; sourceTree = BUILT_PRODUCTS_DIR; };
		C8C36C281AF3A53900AE833D /* Info.plist */ = {isa = PBXFileReference; lastKnownFileType = text.plist.xml; path = Info.plist; sourceTree = "<group>"; };
		C8C36C291AF3A53900AE833D /* ALCollapsableTableViewTests.m */ = {isa = PBXFileReference; lastKnownFileType = sourcecode.c.objc; path = ALCollapsableTableViewTests.m; sourceTree = "<group>"; };
		C8C36C331AF3A83900AE833D /* ALCustomColoredAccessory.h */ = {isa = PBXFileReference; fileEncoding = 4; lastKnownFileType = sourcecode.c.h; path = ALCustomColoredAccessory.h; sourceTree = "<group>"; };
		C8C36C341AF3A83900AE833D /* ALCustomColoredAccessory.m */ = {isa = PBXFileReference; fileEncoding = 4; lastKnownFileType = sourcecode.c.objc; path = ALCustomColoredAccessory.m; sourceTree = "<group>"; };
/* End PBXFileReference section */

/* Begin PBXFrameworksBuildPhase section */
		C8C36C041AF3A53900AE833D /* Frameworks */ = {
			isa = PBXFrameworksBuildPhase;
			buildActionMask = 2147483647;
			files = (
			);
			runOnlyForDeploymentPostprocessing = 0;
		};
		C8C36C201AF3A53900AE833D /* Frameworks */ = {
			isa = PBXFrameworksBuildPhase;
			buildActionMask = 2147483647;
			files = (
			);
			runOnlyForDeploymentPostprocessing = 0;
		};
/* End PBXFrameworksBuildPhase section */

/* Begin PBXGroup section */
		C8C36BFE1AF3A53900AE833D = {
			isa = PBXGroup;
			children = (
				C8C36C331AF3A83900AE833D /* ALCustomColoredAccessory.h */,
				C8C36C341AF3A83900AE833D /* ALCustomColoredAccessory.m */,
				C8C36C091AF3A53900AE833D /* ALCollapsableTableView */,
				C8C36C261AF3A53900AE833D /* ALCollapsableTableViewTests */,
				C8C36C081AF3A53900AE833D /* Products */,
			);
			sourceTree = "<group>";
		};
		C8C36C081AF3A53900AE833D /* Products */ = {
			isa = PBXGroup;
			children = (
				C8C36C071AF3A53900AE833D /* ALCollapsableTableView.app */,
				C8C36C231AF3A53900AE833D /* ALCollapsableTableViewTests.xctest */,
			);
			name = Products;
			sourceTree = "<group>";
		};
		C8C36C091AF3A53900AE833D /* ALCollapsableTableView */ = {
			isa = PBXGroup;
			children = (
				C8C36C0E1AF3A53900AE833D /* AppDelegate.h */,
				C8C36C0F1AF3A53900AE833D /* AppDelegate.m */,
				C8C36C111AF3A53900AE833D /* MasterViewController.h */,
				C8C36C121AF3A53900AE833D /* MasterViewController.m */,
				C8C36C141AF3A53900AE833D /* DetailViewController.h */,
				C8C36C151AF3A53900AE833D /* DetailViewController.m */,
				C8C36C171AF3A53900AE833D /* Main.storyboard */,
				C8C36C1A1AF3A53900AE833D /* Images.xcassets */,
				C8C36C1C1AF3A53900AE833D /* LaunchScreen.xib */,
				C8C36C0A1AF3A53900AE833D /* Supporting Files */,
			);
			path = ALCollapsableTableView;
			sourceTree = "<group>";
		};
		C8C36C0A1AF3A53900AE833D /* Supporting Files */ = {
			isa = PBXGroup;
			children = (
				C8C36C0B1AF3A53900AE833D /* Info.plist */,
				C8C36C0C1AF3A53900AE833D /* main.m */,
			);
			name = "Supporting Files";
			sourceTree = "<group>";
		};
		C8C36C261AF3A53900AE833D /* ALCollapsableTableViewTests */ = {
			isa = PBXGroup;
			children = (
				C8C36C291AF3A53900AE833D /* ALCollapsableTableViewTests.m */,
				C8C36C271AF3A53900AE833D /* Supporting Files */,
			);
			path = ALCollapsableTableViewTests;
			sourceTree = "<group>";
		};
		C8C36C271AF3A53900AE833D /* Supporting Files */ = {
			isa = PBXGroup;
			children = (
				C8C36C281AF3A53900AE833D /* Info.plist */,
			);
			name = "Supporting Files";
			sourceTree = "<group>";
		};
/* End PBXGroup section */

/* Begin PBXNativeTarget section */
		C8C36C061AF3A53900AE833D /* ALCollapsableTableView */ = {
			isa = PBXNativeTarget;
			buildConfigurationList = C8C36C2D1AF3A53900AE833D /* Build configuration list for PBXNativeTarget "ALCollapsableTableView" */;
			buildPhases = (
				C8C36C031AF3A53900AE833D /* Sources */,
				C8C36C041AF3A53900AE833D /* Frameworks */,
				C8C36C051AF3A53900AE833D /* Resources */,
			);
			buildRules = (
			);
			dependencies = (
			);
			name = ALCollapsableTableView;
			productName = ALCollapsableTableView;
			productReference = C8C36C071AF3A53900AE833D /* ALCollapsableTableView.app */;
			productType = "com.apple.product-type.application";
		};
		C8C36C221AF3A53900AE833D /* ALCollapsableTableViewTests */ = {
			isa = PBXNativeTarget;
			buildConfigurationList = C8C36C301AF3A53900AE833D /* Build configuration list for PBXNativeTarget "ALCollapsableTableViewTests" */;
			buildPhases = (
				C8C36C1F1AF3A53900AE833D /* Sources */,
				C8C36C201AF3A53900AE833D /* Frameworks */,
				C8C36C211AF3A53900AE833D /* Resources */,
			);
			buildRules = (
			);
			dependencies = (
				C8C36C251AF3A53900AE833D /* PBXTargetDependency */,
			);
			name = ALCollapsableTableViewTests;
			productName = ALCollapsableTableViewTests;
			productReference = C8C36C231AF3A53900AE833D /* ALCollapsableTableViewTests.xctest */;
			productType = "com.apple.product-type.bundle.unit-test";
		};
/* End PBXNativeTarget section */

/* Begin PBXProject section */
		C8C36BFF1AF3A53900AE833D /* Project object */ = {
			isa = PBXProject;
			attributes = {
				LastUpgradeCheck = 0600;
				ORGANIZATIONNAME = "Arpit Lokwani";
				TargetAttributes = {
					C8C36C061AF3A53900AE833D = {
						CreatedOnToolsVersion = 6.0.1;
					};
					C8C36C221AF3A53900AE833D = {
						CreatedOnToolsVersion = 6.0.1;
						TestTargetID = C8C36C061AF3A53900AE833D;
					};
				};
			};
			buildConfigurationList = C8C36C021AF3A53900AE833D /* Build configuration list for PBXProject "ALCollapsableTableView" */;
			compatibilityVersion = "Xcode 3.2";
			developmentRegion = English;
			hasScannedForEncodings = 0;
			knownRegions = (
				en,
				Base,
			);
			mainGroup = C8C36BFE1AF3A53900AE833D;
			productRefGroup = C8C36C081AF3A53900AE833D /* Products */;
			projectDirPath = "";
			projectRoot = "";
			targets = (
				C8C36C061AF3A53900AE833D /* ALCollapsableTableView */,
				C8C36C221AF3A53900AE833D /* ALCollapsableTableViewTests */,
			);
		};
/* End PBXProject section */

/* Begin PBXResourcesBuildPhase section */
		C8C36C051AF3A53900AE833D /* Resources */ = {
			isa = PBXResourcesBuildPhase;
			buildActionMask = 2147483647;
			files = (
				C8C36C191AF3A53900AE833D /* Main.storyboard in Resources */,
				C8C36C1E1AF3A53900AE833D /* LaunchScreen.xib in Resources */,
				C8C36C1B1AF3A53900AE833D /* Images.xcassets in Resources */,
			);
			runOnlyForDeploymentPostprocessing = 0;
		};
		C8C36C211AF3A53900AE833D /* Resources */ = {
			isa = PBXResourcesBuildPhase;
			buildActionMask = 2147483647;
			files = (
			);
			runOnlyForDeploymentPostprocessing = 0;
		};
/* End PBXResourcesBuildPhase section */

/* Begin PBXSourcesBuildPhase section */
		C8C36C031AF3A53900AE833D /* Sources */ = {
			isa = PBXSourcesBuildPhase;
			buildActionMask = 2147483647;
			files = (
				C8C36C101AF3A53900AE833D /* AppDelegate.m in Sources */,
				C8C36C351AF3A83900AE833D /* ALCustomColoredAccessory.m in Sources */,
				C8C36C131AF3A53900AE833D /* MasterViewController.m in Sources */,
				C8C36C0D1AF3A53900AE833D /* main.m in Sources */,
				C8C36C161AF3A53900AE833D /* DetailViewController.m in Sources */,
			);
			runOnlyForDeploymentPostprocessing = 0;
		};
		C8C36C1F1AF3A53900AE833D /* Sources */ = {
			isa = PBXSourcesBuildPhase;
			buildActionMask = 2147483647;
			files = (
				C8C36C2A1AF3A53900AE833D /* ALCollapsableTableViewTests.m in Sources */,
			);
			runOnlyForDeploymentPostprocessing = 0;
		};
/* End PBXSourcesBuildPhase section */

/* Begin PBXTargetDependency section */
		C8C36C251AF3A53900AE833D /* PBXTargetDependency */ = {
			isa = PBXTargetDependency;
			target = C8C36C061AF3A53900AE833D /* ALCollapsableTableView */;
			targetProxy = C8C36C241AF3A53900AE833D /* PBXContainerItemProxy */;
		};
/* End PBXTargetDependency section */

/* Begin PBXVariantGroup section */
		C8C36C171AF3A53900AE833D /* Main.storyboard */ = {
			isa = PBXVariantGroup;
			children = (
				C8C36C181AF3A53900AE833D /* Base */,
			);
			name = Main.storyboard;
			sourceTree = "<group>";
		};
		C8C36C1C1AF3A53900AE833D /* LaunchScreen.xib */ = {
			isa = PBXVariantGroup;
			children = (
				C8C36C1D1AF3A53900AE833D /* Base */,
			);
			name = LaunchScreen.xib;
			sourceTree = "<group>";
		};
/* End PBXVariantGroup section */

/* Begin XCBuildConfiguration section */
		C8C36C2B1AF3A53900AE833D /* Debug */ = {
			isa = XCBuildConfiguration;
			buildSettings = {
				ALWAYS_SEARCH_USER_PATHS = NO;
				CLANG_CXX_LANGUAGE_STANDARD = "gnu++0x";
				CLANG_CXX_LIBRARY = "libc++";
				CLANG_ENABLE_MODULES = YES;
				CLANG_ENABLE_OBJC_ARC = YES;
				CLANG_WARN_BOOL_CONVERSION = YES;
				CLANG_WARN_CONSTANT_CONVERSION = YES;
				CLANG_WARN_DIRECT_OBJC_ISA_USAGE = YES_ERROR;
				CLANG_WARN_EMPTY_BODY = YES;
				CLANG_WARN_ENUM_CONVERSION = YES;
				CLANG_WARN_INT_CONVERSION = YES;
				CLANG_WARN_OBJC_ROOT_CLASS = YES_ERROR;
				CLANG_WARN_UNREACHABLE_CODE = YES;
				CLANG_WARN__DUPLICATE_METHOD_MATCH = YES;
				"CODE_SIGN_IDENTITY[sdk=iphoneos*]" = "iPhone Developer";
				COPY_PHASE_STRIP = NO;
				ENABLE_STRICT_OBJC_MSGSEND = YES;
				GCC_C_LANGUAGE_STANDARD = gnu99;
				GCC_DYNAMIC_NO_PIC = NO;
				GCC_OPTIMIZATION_LEVEL = 0;
				GCC_PREPROCESSOR_DEFINITIONS = (
					"DEBUG=1",
					"$(inherited)",
				);
				GCC_SYMBOLS_PRIVATE_EXTERN = NO;
				GCC_WARN_64_TO_32_BIT_CONVERSION = YES;
				GCC_WARN_ABOUT_RETURN_TYPE = YES_ERROR;
				GCC_WARN_UNDECLARED_SELECTOR = YES;
				GCC_WARN_UNINITIALIZED_AUTOS = YES_AGGRESSIVE;
				GCC_WARN_UNUSED_FUNCTION = YES;
				GCC_WARN_UNUSED_VARIABLE = YES;
				IPHONEOS_DEPLOYMENT_TARGET = 8.0;
				MTL_ENABLE_DEBUG_INFO = YES;
				ONLY_ACTIVE_ARCH = YES;
				SDKROOT = iphoneos;
			};
			name = Debug;
		};
		C8C36C2C1AF3A53900AE833D /* Release */ = {
			isa = XCBuildConfiguration;
			buildSettings = {
				ALWAYS_SEARCH_USER_PATHS = NO;
				CLANG_CXX_LANGUAGE_STANDARD = "gnu++0x";
				CLANG_CXX_LIBRARY = "libc++";
				CLANG_ENABLE_MODULES = YES;
				CLANG_ENABLE_OBJC_ARC = YES;
				CLANG_WARN_BOOL_CONVERSION = YES;
				CLANG_WARN_CONSTANT_CONVERSION = YES;
				CLANG_WARN_DIRECT_OBJC_ISA_USAGE = YES_ERROR;
				CLANG_WARN_EMPTY_BODY = YES;
				CLANG_WARN_ENUM_CONVERSION = YES;
				CLANG_WARN_INT_CONVERSION = YES;
				CLANG_WARN_OBJC_ROOT_CLASS = YES_ERROR;
				CLANG_WARN_UNREACHABLE_CODE = YES;
				CLANG_WARN__DUPLICATE_METHOD_MATCH = YES;
				"CODE_SIGN_IDENTITY[sdk=iphoneos*]" = "iPhone Developer";
				COPY_PHASE_STRIP = YES;
				ENABLE_NS_ASSERTIONS = NO;
				ENABLE_STRICT_OBJC_MSGSEND = YES;
				GCC_C_LANGUAGE_STANDARD = gnu99;
				GCC_WARN_64_TO_32_BIT_CONVERSION = YES;
				GCC_WARN_ABOUT_RETURN_TYPE = YES_ERROR;
				GCC_WARN_UNDECLARED_SELECTOR = YES;
				GCC_WARN_UNINITIALIZED_AUTOS = YES_AGGRESSIVE;
				GCC_WARN_UNUSED_FUNCTION = YES;
				GCC_WARN_UNUSED_VARIABLE = YES;
				IPHONEOS_DEPLOYMENT_TARGET = 8.0;
				MTL_ENABLE_DEBUG_INFO = NO;
				SDKROOT = iphoneos;
				VALIDATE_PRODUCT = YES;
			};
			name = Release;
		};
		C8C36C2E1AF3A53900AE833D /* Debug */ = {
			isa = XCBuildConfiguration;
			buildSettings = {
				ASSETCATALOG_COMPILER_APPICON_NAME = AppIcon;
				INFOPLIST_FILE = ALCollapsableTableView/Info.plist;
				LD_RUNPATH_SEARCH_PATHS = "$(inherited) @executable_path/Frameworks";
				PRODUCT_NAME = "$(TARGET_NAME)";
			};
			name = Debug;
		};
		C8C36C2F1AF3A53900AE833D /* Release */ = {
			isa = XCBuildConfiguration;
			buildSettings = {
				ASSETCATALOG_COMPILER_APPICON_NAME = AppIcon;
				INFOPLIST_FILE = ALCollapsableTableView/Info.plist;
				LD_RUNPATH_SEARCH_PATHS = "$(inherited) @executable_path/Frameworks";
				PRODUCT_NAME = "$(TARGET_NAME)";
			};
			name = Release;
		};
		C8C36C311AF3A53900AE833D /* Debug */ = {
			isa = XCBuildConfiguration;
			buildSettings = {
				BUNDLE_LOADER = "$(TEST_HOST)";
				FRAMEWORK_SEARCH_PATHS = (
					"$(SDKROOT)/Developer/Library/Frameworks",
					"$(inherited)",
				);
				GCC_PREPROCESSOR_DEFINITIONS = (
					"DEBUG=1",
					"$(inherited)",
				);
				INFOPLIST_FILE = ALCollapsableTableViewTests/Info.plist;
				LD_RUNPATH_SEARCH_PATHS = "$(inherited) @executable_path/Frameworks @loader_path/Frameworks";
				PRODUCT_NAME = "$(TARGET_NAME)";
				TEST_HOST = "$(BUILT_PRODUCTS_DIR)/ALCollapsableTableView.app/ALCollapsableTableView";
			};
			name = Debug;
		};
		C8C36C321AF3A53900AE833D /* Release */ = {
			isa = XCBuildConfiguration;
			buildSettings = {
				BUNDLE_LOADER = "$(TEST_HOST)";
				FRAMEWORK_SEARCH_PATHS = (
					"$(SDKROOT)/Developer/Library/Frameworks",
					"$(inherited)",
				);
				INFOPLIST_FILE = ALCollapsableTableViewTests/Info.plist;
				LD_RUNPATH_SEARCH_PATHS = "$(inherited) @executable_path/Frameworks @loader_path/Frameworks";
				PRODUCT_NAME = "$(TARGET_NAME)";
				TEST_HOST = "$(BUILT_PRODUCTS_DIR)/ALCollapsableTableView.app/ALCollapsableTableView";
			};
			name = Release;
		};
/* End XCBuildConfiguration section */

/* Begin XCConfigurationList section */
		C8C36C021AF3A53900AE833D /* Build configuration list for PBXProject "ALCollapsableTableView" */ = {
			isa = XCConfigurationList;
			buildConfigurations = (
				C8C36C2B1AF3A53900AE833D /* Debug */,
				C8C36C2C1AF3A53900AE833D /* Release */,
			);
			defaultConfigurationIsVisible = 0;
			defaultConfigurationName = Release;
		};
		C8C36C2D1AF3A53900AE833D /* Build configuration list for PBXNativeTarget "ALCollapsableTableView" */ = {
			isa = XCConfigurationList;
			buildConfigurations = (
				C8C36C2E1AF3A53900AE833D /* Debug */,
				C8C36C2F1AF3A53900AE833D /* Release */,
			);
			defaultConfigurationIsVisible = 0;
		};
		C8C36C301AF3A53900AE833D /* Build configuration list for PBXNativeTarget "ALCollapsableTableViewTests" */ = {
			isa = XCConfigurationList;
			buildConfigurations = (
				C8C36C311AF3A53900AE833D /* Debug */,
				C8C36C321AF3A53900AE833D /* Release */,
			);
			defaultConfigurationIsVisible = 0;
		};
/* End XCConfigurationList section */
	};
	rootObject = C8C36BFF1AF3A53900AE833D /* Project object */;
}
